{
    "_readme": [
        "This file locks the dependencies of your project to a known state",
        "Read more about it at https://getcomposer.org/doc/01-basic-usage.md#installing-dependencies",
        "This file is @generated automatically"
    ],
    "content-hash": "2aace807ffd6f017deb39dfc048d4788",
    "packages": [],
    "packages-dev": [
        {
            "name": "phpstan/phpstan",
            "version": "0.12.54",
            "source": {
                "type": "git",
                "url": "https://github.com/phpstan/phpstan.git",
                "reference": "45c7b999a4b7dd9ac5558bdaaf23dcebbef88223"
            },
            "dist": {
                "type": "zip",
                "url": "https://api.github.com/repos/phpstan/phpstan/zipball/45c7b999a4b7dd9ac5558bdaaf23dcebbef88223",
                "reference": "45c7b999a4b7dd9ac5558bdaaf23dcebbef88223",
                "shasum": ""
            },
            "require": {
                "php": "^7.1|^8.0"
            },
            "conflict": {
                "phpstan/phpstan-shim": "*"
            },
            "bin": [
                "phpstan",
                "phpstan.phar"
            ],
            "type": "library",
            "extra": {
                "branch-alias": {
                    "dev-master": "0.12-dev"
                }
            },
            "autoload": {
                "files": [
                    "bootstrap.php"
                ]
            },
            "notification-url": "https://packagist.org/downloads/",
            "license": [
                "MIT"
            ],
            "description": "PHPStan - PHP Static Analysis Tool",
            "funding": [
                {
                    "url": "https://github.com/ondrejmirtes",
                    "type": "github"
                },
                {
                    "url": "https://www.patreon.com/phpstan",
                    "type": "patreon"
                },
                {
                    "url": "https://tidelift.com/funding/github/packagist/phpstan/phpstan",
                    "type": "tidelift"
                }
            ],
            "time": "2020-11-05T13:36:26+00:00"
        },
        {
            "name": "redaxo/source",
            "version": "5.11.1",
            "source": {
                "type": "git",
                "url": "https://github.com/redaxo/redaxo.git",
                "reference": "cc1bffb20b0de3967da48d3592c0af15f68417ed"
            },
            "dist": {
                "type": "zip",
                "url": "https://api.github.com/repos/redaxo/redaxo/zipball/cc1bffb20b0de3967da48d3592c0af15f68417ed",
                "reference": "cc1bffb20b0de3967da48d3592c0af15f68417ed",
                "shasum": ""
            },
            "replace": {
                "erusev/parsedown": "1.7.4",
                "erusev/parsedown-extra": "0.8.1",
                "filp/whoops": "2.9.1",
                "itsgoingd/clockwork": "v4.1.8",
                "phpmailer/phpmailer": "v6.1.8",
                "psr/container": "1.0.0",
                "psr/http-message": "1.0.1",
                "psr/log": "1.1.3",
                "ramsey/collection": "0.3.0",
                "ramsey/http-range": "dev-legacy",
                "scssphp/scssphp": "1.2.1",
                "symfony/console": "v4.4.16",
                "symfony/polyfill-ctype": "v1.20.0",
                "symfony/polyfill-intl-grapheme": "v1.20.0",
                "symfony/polyfill-intl-normalizer": "v1.20.0",
                "symfony/polyfill-mbstring": "v1.20.0",
                "symfony/polyfill-php72": "v1.20.0",
                "symfony/polyfill-php73": "v1.20.0",
                "symfony/polyfill-php80": "v1.20.0",
                "symfony/service-contracts": "v1.1.9",
                "symfony/var-dumper": "v4.4.16",
                "symfony/yaml": "v4.4.16",
                "voku/anti-xss": "4.1.29",
                "voku/portable-ascii": "1.5.4",
                "voku/portable-utf8": "5.4.48"
            },
            "require-dev": {
                "composer/package-versions-deprecated": "^1.11",
                "friendsofphp/php-cs-fixer": "2.16.4",
                "friendsofredaxo/linter": "1.2.6",
                "phpstan/extension-installer": "1.0.4",
                "phpstan/phpstan": "0.12.33",
                "phpstan/phpstan-phpunit": "0.12.15",
                "phpunit/phpunit": "^7.5 || ^8.5 || ^9.2",
                "psalm/plugin-phpunit": "0.10.1",
                "psalm/plugin-symfony": "1.4.1",
                "vimeo/psalm": "3.12.1"
            },
            "bin": [
                "redaxo/bin/console"
            ],
            "type": "library",
            "autoload": {
                "classmap": [
                    "redaxo/src/addons/backup/lib/",
                    "redaxo/src/addons/backup/vendor/",
                    "redaxo/src/addons/be_style/lib/",
                    "redaxo/src/addons/be_style/vendor/scssphp/",
                    "redaxo/src/addons/cronjob/lib/",
                    "redaxo/src/addons/cronjob/plugins/article_status/lib/",
                    "redaxo/src/addons/cronjob/plugins/optimize_tables/lib/",
                    "redaxo/src/addons/debug/lib/",
                    "redaxo/src/addons/debug/vendor/",
                    "redaxo/src/addons/install/lib/",
                    "redaxo/src/addons/media_manager/lib/",
                    "redaxo/src/addons/mediapool/lib/",
                    "redaxo/src/addons/metainfo/lib/",
                    "redaxo/src/addons/phpmailer/lib/",
                    "redaxo/src/addons/phpmailer/vendor/",
                    "redaxo/src/addons/structure/lib/",
                    "redaxo/src/addons/structure/plugins/content/lib/",
                    "redaxo/src/addons/structure/plugins/history/lib/",
                    "redaxo/src/addons/structure/plugins/version/lib/",
                    "redaxo/src/addons/users/lib/",
                    "redaxo/src/core/lib/"
                ],
                "files": [
                    "redaxo/src/addons/mediapool/functions/function_rex_mediapool.php",
                    "redaxo/src/addons/metainfo/extensions/extension_cleanup.php",
                    "redaxo/src/addons/metainfo/functions/function_metainfo.php",
                    "redaxo/src/addons/structure/functions/function_rex_url.php",
                    "redaxo/src/core/functions/function_rex_escape.php",
                    "redaxo/src/core/functions/function_rex_globals.php",
                    "redaxo/src/core/functions/function_rex_other.php",
                    "redaxo/src/core/vendor/autoload.php"
                ]
            },
            "notification-url": "https://packagist.org/downloads/",
            "license": [
                "MIT"
            ],
            "description": "REDAXO CMS source repository (for static analysis)",
            "funding": [
                {
                    "url": "https://github.com/staabm",
                    "type": "github"
                }
            ],
            "time": "2020-11-11T10:08:30+00:00"
        },
        {
            "name": "yakamara/redaxo_yform",
            "version": "dev-master",
            "source": {
                "type": "git",
                "url": "https://github.com/yakamara/redaxo_yform.git",
                "reference": "6196c194e645ac65300233c4121d828bb6e91792"
            },
            "dist": {
                "type": "zip",
                "url": "https://api.github.com/repos/yakamara/redaxo_yform/zipball/6196c194e645ac65300233c4121d828bb6e91792",
                "reference": "6196c194e645ac65300233c4121d828bb6e91792",
                "shasum": ""
            },
            "require-dev": {
                "phpstan/phpstan": "^0.12.52",
                "redaxo/source": "^5.8"
            },
            "type": "library",
            "notification-url": "https://packagist.org/downloads/",
            "time": "2020-11-05T20:40:32+00:00"
        }
    ],
    "aliases": [],
    "minimum-stability": "stable",
    "stability-flags": {
        "yakamara/redaxo_yform": 20
    },
    "prefer-stable": false,
    "prefer-lowest": false,
    "platform": [],
    "platform-dev": [],
    "plugin-api-version": "1.1.0"
}
